
Microsoft Visual Studio Solution File, Format Version 12.00
# Visual Studio Version 17
VisualStudioVersion = 17.8.34525.116
MinimumVisualStudioVersion = 10.0.40219.1
Project("{FAE04EC0-301F-11D3-BF4B-00C04F79EFBC}") = "DataBase_com_CSharp", "DataBase_com_CSharp\DataBase_com_CSharp.csproj", "{456509DE-943E-4E39-8C54-A606D4F5F3A3}"
EndProject
Global
	GlobalSection(SolutionConfigurationPlatforms) = preSolution
		Debug|Any CPU = Debug|Any CPU
		Release|Any CPU = Release|Any CPU
	EndGlobalSection
	GlobalSection(ProjectConfigurationPlatforms) = postSolution
		{456509DE-943E-4E39-8C54-A606D4F5F3A3}.Debug|Any CPU.ActiveCfg = Debug|Any CPU
		{456509DE-943E-4E39-8C54-A606D4F5F3A3}.Debug|Any CPU.Build.0 = Debug|Any CPU
		{456509DE-943E-4E39-8C54-A606D4F5F3A3}.Release|Any CPU.ActiveCfg = Release|Any CPU
		{456509DE-943E-4E39-8C54-A606D4F5F3A3}.Release|Any CPU.Build.0 = Release|Any CPU
	EndGlobalSection
	GlobalSection(SolutionProperties) = preSolution
		HideSolutionNode = FALSE
	EndGlobalSection
	GlobalSection(ExtensibilityGlobals) = postSolution
		SolutionGuid = {EAF989FB-7DE4-4AC4-8D6A-1416460365E7}
	EndGlobalSection
EndGlobal
