
Microsoft Visual Studio Solution File, Format Version 12.00
# Visual Studio Version 17
VisualStudioVersion = 17.9.34701.34
MinimumVisualStudioVersion = 10.0.40219.1
Project("{FAE04EC0-301F-11D3-BF4B-00C04F79EFBC}") = "Apredendo_Catalogo", "Apredendo_Catalogo\Apredendo_Catalogo.csproj", "{B5B1CAE5-B1FA-4721-9813-791B504BBE76}"
EndProject
Global
	GlobalSection(SolutionConfigurationPlatforms) = preSolution
		Debug|Any CPU = Debug|Any CPU
		Release|Any CPU = Release|Any CPU
	EndGlobalSection
	GlobalSection(ProjectConfigurationPlatforms) = postSolution
		{B5B1CAE5-B1FA-4721-9813-791B504BBE76}.Debug|Any CPU.ActiveCfg = Debug|Any CPU
		{B5B1CAE5-B1FA-4721-9813-791B504BBE76}.Debug|Any CPU.Build.0 = Debug|Any CPU
		{B5B1CAE5-B1FA-4721-9813-791B504BBE76}.Release|Any CPU.ActiveCfg = Release|Any CPU
		{B5B1CAE5-B1FA-4721-9813-791B504BBE76}.Release|Any CPU.Build.0 = Release|Any CPU
	EndGlobalSection
	GlobalSection(SolutionProperties) = preSolution
		HideSolutionNode = FALSE
	EndGlobalSection
	GlobalSection(ExtensibilityGlobals) = postSolution
		SolutionGuid = {56E5521B-2205-4803-9F99-115F0D74A5C0}
	EndGlobalSection
EndGlobal
