
Microsoft Visual Studio Solution File, Format Version 12.00
# Visual Studio Version 17
VisualStudioVersion = 17.8.34525.116
MinimumVisualStudioVersion = 10.0.40219.1
Project("{FAE04EC0-301F-11D3-BF4B-00C04F79EFBC}") = "SideBar", "SideBar\SideBar.csproj", "{BAA437EC-7BA4-49E6-B0C8-5ACA0CA7FBFE}"
EndProject
Global
	GlobalSection(SolutionConfigurationPlatforms) = preSolution
		Debug|Any CPU = Debug|Any CPU
		Release|Any CPU = Release|Any CPU
	EndGlobalSection
	GlobalSection(ProjectConfigurationPlatforms) = postSolution
		{BAA437EC-7BA4-49E6-B0C8-5ACA0CA7FBFE}.Debug|Any CPU.ActiveCfg = Debug|Any CPU
		{BAA437EC-7BA4-49E6-B0C8-5ACA0CA7FBFE}.Debug|Any CPU.Build.0 = Debug|Any CPU
		{BAA437EC-7BA4-49E6-B0C8-5ACA0CA7FBFE}.Release|Any CPU.ActiveCfg = Release|Any CPU
		{BAA437EC-7BA4-49E6-B0C8-5ACA0CA7FBFE}.Release|Any CPU.Build.0 = Release|Any CPU
	EndGlobalSection
	GlobalSection(SolutionProperties) = preSolution
		HideSolutionNode = FALSE
	EndGlobalSection
	GlobalSection(ExtensibilityGlobals) = postSolution
		SolutionGuid = {F0F5E9EE-E2CF-469C-8B4B-553601549395}
	EndGlobalSection
EndGlobal
