
Microsoft Visual Studio Solution File, Format Version 12.00
# Visual Studio Version 17
VisualStudioVersion = 17.8.34408.163
MinimumVisualStudioVersion = 10.0.40219.1
Project("{FAE04EC0-301F-11D3-BF4B-00C04F79EFBC}") = "DataBase_com_CSharp_002", "DataBase_com_CSharp_002\DataBase_com_CSharp_002.csproj", "{7B5C0398-2F37-4060-9FBF-2AD3E99B509E}"
EndProject
Global
	GlobalSection(SolutionConfigurationPlatforms) = preSolution
		Debug|Any CPU = Debug|Any CPU
		Release|Any CPU = Release|Any CPU
	EndGlobalSection
	GlobalSection(ProjectConfigurationPlatforms) = postSolution
		{7B5C0398-2F37-4060-9FBF-2AD3E99B509E}.Debug|Any CPU.ActiveCfg = Debug|Any CPU
		{7B5C0398-2F37-4060-9FBF-2AD3E99B509E}.Debug|Any CPU.Build.0 = Debug|Any CPU
		{7B5C0398-2F37-4060-9FBF-2AD3E99B509E}.Release|Any CPU.ActiveCfg = Release|Any CPU
		{7B5C0398-2F37-4060-9FBF-2AD3E99B509E}.Release|Any CPU.Build.0 = Release|Any CPU
	EndGlobalSection
	GlobalSection(SolutionProperties) = preSolution
		HideSolutionNode = FALSE
	EndGlobalSection
	GlobalSection(ExtensibilityGlobals) = postSolution
		SolutionGuid = {8B53F73E-2A6F-4B64-BE3D-46FED2D466E8}
	EndGlobalSection
EndGlobal
